
Microsoft Visual Studio Solution File, Format Version 12.00
# Visual Studio Version 16
VisualStudioVersion = 16.0.29609.76
MinimumVisualStudioVersion = 10.0.40219.1
Project("{9A19103F-16F7-4668-BE54-9A1E7A4F7556}") = "FalopaBot.ConsoleApp", "FalopaBot.ConsoleApp\FalopaBot.ConsoleApp.csproj", "{7E669056-A5F7-4E06-93F3-C23BB3EF414C}"
EndProject
Project("{9A19103F-16F7-4668-BE54-9A1E7A4F7556}") = "FalopaBot.Lib", "FalopaBot.Lib\FalopaBot.Lib.csproj", "{03676570-1C1C-4348-8F5A-BE8893C868B6}"
EndProject
Project("{FAE04EC0-301F-11D3-BF4B-00C04F79EFBC}") = "FalopaBot.Tests", "FalopaBot.Tests\FalopaBot.Tests.csproj", "{33D07C85-41E7-446E-B71A-58B367FCDBDF}"
EndProject
Global
	GlobalSection(SolutionConfigurationPlatforms) = preSolution
		Debug|Any CPU = Debug|Any CPU
		Release|Any CPU = Release|Any CPU
	EndGlobalSection
	GlobalSection(ProjectConfigurationPlatforms) = postSolution
		{7E669056-A5F7-4E06-93F3-C23BB3EF414C}.Debug|Any CPU.ActiveCfg = Debug|Any CPU
		{7E669056-A5F7-4E06-93F3-C23BB3EF414C}.Debug|Any CPU.Build.0 = Debug|Any CPU
		{7E669056-A5F7-4E06-93F3-C23BB3EF414C}.Release|Any CPU.ActiveCfg = Release|Any CPU
		{7E669056-A5F7-4E06-93F3-C23BB3EF414C}.Release|Any CPU.Build.0 = Release|Any CPU
		{03676570-1C1C-4348-8F5A-BE8893C868B6}.Debug|Any CPU.ActiveCfg = Debug|Any CPU
		{03676570-1C1C-4348-8F5A-BE8893C868B6}.Debug|Any CPU.Build.0 = Debug|Any CPU
		{03676570-1C1C-4348-8F5A-BE8893C868B6}.Release|Any CPU.ActiveCfg = Release|Any CPU
		{03676570-1C1C-4348-8F5A-BE8893C868B6}.Release|Any CPU.Build.0 = Release|Any CPU
		{33D07C85-41E7-446E-B71A-58B367FCDBDF}.Debug|Any CPU.ActiveCfg = Debug|Any CPU
		{33D07C85-41E7-446E-B71A-58B367FCDBDF}.Debug|Any CPU.Build.0 = Debug|Any CPU
		{33D07C85-41E7-446E-B71A-58B367FCDBDF}.Release|Any CPU.ActiveCfg = Release|Any CPU
		{33D07C85-41E7-446E-B71A-58B367FCDBDF}.Release|Any CPU.Build.0 = Release|Any CPU
	EndGlobalSection
	GlobalSection(SolutionProperties) = preSolution
		HideSolutionNode = FALSE
	EndGlobalSection
	GlobalSection(ExtensibilityGlobals) = postSolution
		SolutionGuid = {3B958472-F472-4EFF-8066-E1F8FDB0FBB0}
	EndGlobalSection
EndGlobal
